{
  "name": "crypto-wallet-analyzer",
  "version": "1.0.2",
  "lockfileVersion": 3,
  "requires": true,
  "packages": {
    "": {
      "name": "crypto-wallet-analyzer",
      "version": "1.0.2",
      "license": "MIT",
      "dependencies": {
        "crypto-wallet-analyzer": "^1.0.2"
      }
    },
    "node_modules/crypto-wallet-analyzer": {
      "version": "1.0.2",
      "resolved": "https://registry.npmjs.org/crypto-wallet-analyzer/-/crypto-wallet-analyzer-1.0.2.tgz",
      "integrity": "sha512-0rQfqrxVbomexTofAWsMAHYnYldtswuBUgxoLZwIVKKt76bGIDu3uyuxQlL6MZ7w1KPmLJ0x1MrhVSCRXOoHVQ==",
      "license": "MIT"
    }
  }
}
